{
  "pins" : [
    {
      "identity" : "ios-uxpagerview",
      "kind" : "remoteSourceControl",
      "location" : "https://github.com/powerplay-developers/iOS-UXPagerView",
      "state" : {
        "branch" : "main",
        "revision" : "2d7d1a4f94b11a8ce410db5e10b9196d1d9328c9"
      }
    }
  ],
  "version" : 2
}
